
Microsoft Visual Studio Solution File, Format Version 12.00
# Visual Studio Version 16
VisualStudioVersion = 16.0.30804.86
MinimumVisualStudioVersion = 10.0.40219.1
Project("{9A19103F-16F7-4668-BE54-9A1E7A4F7556}") = "CustomerIntegrationApp", "CustomerIntegrationApp\CustomerIntegrationApp.csproj", "{61626ADF-899B-491A-A77F-0DD4FC3F5FC4}"
EndProject
Project("{FAE04EC0-301F-11D3-BF4B-00C04F79EFBC}") = "CustomerIntegrationApp.Test", "CustomerIntegrationApp.Test\CustomerIntegrationApp.Test.csproj", "{CF92EE84-81F7-4738-A3A6-15561301E7FF}"
EndProject
Project("{FAE04EC0-301F-11D3-BF4B-00C04F79EFBC}") = "CustomerIntegrationApp.Data", "CustomerIntegrationApp.Data\CustomerIntegrationApp.Data.csproj", "{50492224-14AB-4E00-AD3F-480BA0CFAABC}"
EndProject
Global
	GlobalSection(SolutionConfigurationPlatforms) = preSolution
		Debug|Any CPU = Debug|Any CPU
		Release|Any CPU = Release|Any CPU
	EndGlobalSection
	GlobalSection(ProjectConfigurationPlatforms) = postSolution
		{61626ADF-899B-491A-A77F-0DD4FC3F5FC4}.Debug|Any CPU.ActiveCfg = Debug|Any CPU
		{61626ADF-899B-491A-A77F-0DD4FC3F5FC4}.Debug|Any CPU.Build.0 = Debug|Any CPU
		{61626ADF-899B-491A-A77F-0DD4FC3F5FC4}.Release|Any CPU.ActiveCfg = Release|Any CPU
		{61626ADF-899B-491A-A77F-0DD4FC3F5FC4}.Release|Any CPU.Build.0 = Release|Any CPU
		{CF92EE84-81F7-4738-A3A6-15561301E7FF}.Debug|Any CPU.ActiveCfg = Debug|Any CPU
		{CF92EE84-81F7-4738-A3A6-15561301E7FF}.Debug|Any CPU.Build.0 = Debug|Any CPU
		{CF92EE84-81F7-4738-A3A6-15561301E7FF}.Release|Any CPU.ActiveCfg = Release|Any CPU
		{CF92EE84-81F7-4738-A3A6-15561301E7FF}.Release|Any CPU.Build.0 = Release|Any CPU
		{50492224-14AB-4E00-AD3F-480BA0CFAABC}.Debug|Any CPU.ActiveCfg = Debug|Any CPU
		{50492224-14AB-4E00-AD3F-480BA0CFAABC}.Debug|Any CPU.Build.0 = Debug|Any CPU
		{50492224-14AB-4E00-AD3F-480BA0CFAABC}.Release|Any CPU.ActiveCfg = Release|Any CPU
		{50492224-14AB-4E00-AD3F-480BA0CFAABC}.Release|Any CPU.Build.0 = Release|Any CPU
	EndGlobalSection
	GlobalSection(SolutionProperties) = preSolution
		HideSolutionNode = FALSE
	EndGlobalSection
	GlobalSection(ExtensibilityGlobals) = postSolution
		SolutionGuid = {161DB43D-62C0-491B-8FA8-5312CAC93B41}
	EndGlobalSection
EndGlobal
